// !$*UTF8*$!
{
	archiveVersion = 1;
	classes = {
	};
	objectVersion = 45;
	objects = {

/* Begin PBXBuildFile section */
		1D3623260D0F684500981E51 /* iGalleryAppDelegate.m in Sources */ = {isa = PBXBuildFile; fileRef = 1D3623250D0F684500981E51 /* iGalleryAppDelegate.m */; };
		1D60589B0D05DD56006BFB54 /* main.m in Sources */ = {isa = PBXBuildFile; fileRef = 29B97316FDCFA39411CA2CEA /* main.m */; };
		1D60589F0D05DD5A006BFB54 /* Foundation.framework in Frameworks */ = {isa = PBXBuildFile; fileRef = 1D30AB110D05D00D00671497 /* Foundation.framework */; };
		1DF5F4E00D08C38300B7A737 /* UIKit.framework in Frameworks */ = {isa = PBXBuildFile; fileRef = 1DF5F4DF0D08C38300B7A737 /* UIKit.framework */; };
		28AD733F0D9D9553002E5188 /* MainWindow.xib in Resources */ = {isa = PBXBuildFile; fileRef = 28AD733E0D9D9553002E5188 /* MainWindow.xib */; };
		C91C9F420E97FD0D00E4D1A0 /* iGalleryPhotoController.m in Sources */ = {isa = PBXBuildFile; fileRef = C91C9F410E97FD0D00E4D1A0 /* iGalleryPhotoController.m */; };
		C91C9F590E97FE4300E4D1A0 /* CoreGraphics.framework in Frameworks */ = {isa = PBXBuildFile; fileRef = C91C9F580E97FE4300E4D1A0 /* CoreGraphics.framework */; };
		C952C04B0E981FDD0080865F /* Gallery.m in Sources */ = {isa = PBXBuildFile; fileRef = C952C04A0E981FDD0080865F /* Gallery.m */; };
		C952C1190E982FC80080865F /* RapportEditor2.png in Resources */ = {isa = PBXBuildFile; fileRef = C952C1180E982FC80080865F /* RapportEditor2.png */; };
		C952C2990E984F610080865F /* iGallerySettingsController.m in Sources */ = {isa = PBXBuildFile; fileRef = C952C2980E984F610080865F /* iGallerySettingsController.m */; };
		C952C2EB0E9853710080865F /* CQPreferencesTextCell.m in Sources */ = {isa = PBXBuildFile; fileRef = C952C2EA0E9853710080865F /* CQPreferencesTextCell.m */; };
		C952C5810E98DF790080865F /* iGalleryAlbumController.m in Sources */ = {isa = PBXBuildFile; fileRef = C952C5800E98DF790080865F /* iGalleryAlbumController.m */; };
		C952C6D40E98FDBC0080865F /* ProgressTextBarView.m in Sources */ = {isa = PBXBuildFile; fileRef = C952C6D30E98FDBC0080865F /* ProgressTextBarView.m */; };
		C952C9240E993ED40080865F /* UIImage+Extras.m in Sources */ = {isa = PBXBuildFile; fileRef = C952C9230E993ED40080865F /* UIImage+Extras.m */; };
		C952C9C70E9951C40080865F /* iGallery.png in Resources */ = {isa = PBXBuildFile; fileRef = C952C9C60E9951C40080865F /* iGallery.png */; };
/* End PBXBuildFile section */

/* Begin PBXFileReference section */
		1D30AB110D05D00D00671497 /* Foundation.framework */ = {isa = PBXFileReference; lastKnownFileType = wrapper.framework; name = Foundation.framework; path = System/Library/Frameworks/Foundation.framework; sourceTree = SDKROOT; };
		1D3623240D0F684500981E51 /* iGalleryAppDelegate.h */ = {isa = PBXFileReference; fileEncoding = 4; lastKnownFileType = sourcecode.c.h; path = iGalleryAppDelegate.h; sourceTree = "<group>"; };
		1D3623250D0F684500981E51 /* iGalleryAppDelegate.m */ = {isa = PBXFileReference; fileEncoding = 4; lastKnownFileType = sourcecode.c.objc; path = iGalleryAppDelegate.m; sourceTree = "<group>"; };
		1D6058910D05DD3D006BFB54 /* iGallery.app */ = {isa = PBXFileReference; explicitFileType = wrapper.application; includeInIndex = 0; path = iGallery.app; sourceTree = BUILT_PRODUCTS_DIR; };
		1DF5F4DF0D08C38300B7A737 /* UIKit.framework */ = {isa = PBXFileReference; lastKnownFileType = wrapper.framework; name = UIKit.framework; path = System/Library/Frameworks/UIKit.framework; sourceTree = SDKROOT; };
		28AD733E0D9D9553002E5188 /* MainWindow.xib */ = {isa = PBXFileReference; lastKnownFileType = file.xib; path = MainWindow.xib; sourceTree = "<group>"; };
		29B97316FDCFA39411CA2CEA /* main.m */ = {isa = PBXFileReference; fileEncoding = 4; lastKnownFileType = sourcecode.c.objc; path = main.m; sourceTree = "<group>"; };
		32CA4F630368D1EE00C91783 /* iGallery_Prefix.pch */ = {isa = PBXFileReference; fileEncoding = 4; lastKnownFileType = sourcecode.c.h; path = iGallery_Prefix.pch; sourceTree = "<group>"; };
		8D1107310486CEB800E47090 /* Info.plist */ = {isa = PBXFileReference; fileEncoding = 4; lastKnownFileType = text.plist.xml; path = Info.plist; sourceTree = "<group>"; };
		C91C9F400E97FD0D00E4D1A0 /* iGalleryPhotoController.h */ = {isa = PBXFileReference; fileEncoding = 4; lastKnownFileType = sourcecode.c.h; path = iGalleryPhotoController.h; sourceTree = "<group>"; };
		C91C9F410E97FD0D00E4D1A0 /* iGalleryPhotoController.m */ = {isa = PBXFileReference; fileEncoding = 4; lastKnownFileType = sourcecode.c.objc; path = iGalleryPhotoController.m; sourceTree = "<group>"; };
		C91C9F580E97FE4300E4D1A0 /* CoreGraphics.framework */ = {isa = PBXFileReference; lastKnownFileType = wrapper.framework; name = CoreGraphics.framework; path = System/Library/Frameworks/CoreGraphics.framework; sourceTree = SDKROOT; };
		C952C0490E981FDD0080865F /* Gallery.h */ = {isa = PBXFileReference; fileEncoding = 4; lastKnownFileType = sourcecode.c.h; path = Gallery.h; sourceTree = "<group>"; };
		C952C04A0E981FDD0080865F /* Gallery.m */ = {isa = PBXFileReference; fileEncoding = 4; lastKnownFileType = sourcecode.c.objc; path = Gallery.m; sourceTree = "<group>"; };
		C952C1180E982FC80080865F /* RapportEditor2.png */ = {isa = PBXFileReference; lastKnownFileType = image.png; path = RapportEditor2.png; sourceTree = "<group>"; };
		C952C2970E984F610080865F /* iGallerySettingsController.h */ = {isa = PBXFileReference; fileEncoding = 4; lastKnownFileType = sourcecode.c.h; path = iGallerySettingsController.h; sourceTree = "<group>"; };
		C952C2980E984F610080865F /* iGallerySettingsController.m */ = {isa = PBXFileReference; fileEncoding = 4; lastKnownFileType = sourcecode.c.objc; path = iGallerySettingsController.m; sourceTree = "<group>"; };
		C952C2E90E9853710080865F /* CQPreferencesTextCell.h */ = {isa = PBXFileReference; fileEncoding = 4; lastKnownFileType = sourcecode.c.h; path = CQPreferencesTextCell.h; sourceTree = "<group>"; };
		C952C2EA0E9853710080865F /* CQPreferencesTextCell.m */ = {isa = PBXFileReference; fileEncoding = 4; lastKnownFileType = sourcecode.c.objc; path = CQPreferencesTextCell.m; sourceTree = "<group>"; };
		C952C57F0E98DF790080865F /* iGalleryAlbumController.h */ = {isa = PBXFileReference; fileEncoding = 4; lastKnownFileType = sourcecode.c.h; path = iGalleryAlbumController.h; sourceTree = "<group>"; };
		C952C5800E98DF790080865F /* iGalleryAlbumController.m */ = {isa = PBXFileReference; fileEncoding = 4; lastKnownFileType = sourcecode.c.objc; path = iGalleryAlbumController.m; sourceTree = "<group>"; };
		C952C6D20E98FDBC0080865F /* ProgressTextBarView.h */ = {isa = PBXFileReference; fileEncoding = 4; lastKnownFileType = sourcecode.c.h; path = ProgressTextBarView.h; sourceTree = "<group>"; };
		C952C6D30E98FDBC0080865F /* ProgressTextBarView.m */ = {isa = PBXFileReference; fileEncoding = 4; lastKnownFileType = sourcecode.c.objc; path = ProgressTextBarView.m; sourceTree = "<group>"; };
		C952C9220E993ED40080865F /* UIImage+Extras.h */ = {isa = PBXFileReference; fileEncoding = 4; lastKnownFileType = sourcecode.c.h; path = "UIImage+Extras.h"; sourceTree = "<group>"; };
		C952C9230E993ED40080865F /* UIImage+Extras.m */ = {isa = PBXFileReference; fileEncoding = 4; lastKnownFileType = sourcecode.c.objc; path = "UIImage+Extras.m"; sourceTree = "<group>"; };
		C952C9C60E9951C40080865F /* iGallery.png */ = {isa = PBXFileReference; lastKnownFileType = image.png; path = iGallery.png; sourceTree = "<group>"; };
/* End PBXFileReference section */

/* Begin PBXFrameworksBuildPhase section */
		1D60588F0D05DD3D006BFB54 /* Frameworks */ = {
			isa = PBXFrameworksBuildPhase;
			buildActionMask = 2147483647;
			files = (
				1D60589F0D05DD5A006BFB54 /* Foundation.framework in Frameworks */,
				1DF5F4E00D08C38300B7A737 /* UIKit.framework in Frameworks */,
				C91C9F590E97FE4300E4D1A0 /* CoreGraphics.framework in Frameworks */,
			);
			runOnlyForDeploymentPostprocessing = 0;
		};
/* End PBXFrameworksBuildPhase section */

/* Begin PBXGroup section */
		080E96DDFE201D6D7F000001 /* Classes */ = {
			isa = PBXGroup;
			children = (
				1D3623240D0F684500981E51 /* iGalleryAppDelegate.h */,
				1D3623250D0F684500981E51 /* iGalleryAppDelegate.m */,
				C91C9F400E97FD0D00E4D1A0 /* iGalleryPhotoController.h */,
				C91C9F410E97FD0D00E4D1A0 /* iGalleryPhotoController.m */,
				C952C2970E984F610080865F /* iGallerySettingsController.h */,
				C952C2980E984F610080865F /* iGallerySettingsController.m */,
				C952C0490E981FDD0080865F /* Gallery.h */,
				C952C04A0E981FDD0080865F /* Gallery.m */,
				C952C2E90E9853710080865F /* CQPreferencesTextCell.h */,
				C952C2EA0E9853710080865F /* CQPreferencesTextCell.m */,
				C952C57F0E98DF790080865F /* iGalleryAlbumController.h */,
				C952C5800E98DF790080865F /* iGalleryAlbumController.m */,
				C952C6D20E98FDBC0080865F /* ProgressTextBarView.h */,
				C952C6D30E98FDBC0080865F /* ProgressTextBarView.m */,
				C952C9220E993ED40080865F /* UIImage+Extras.h */,
				C952C9230E993ED40080865F /* UIImage+Extras.m */,
			);
			path = Classes;
			sourceTree = "<group>";
		};
		19C28FACFE9D520D11CA2CBB /* Products */ = {
			isa = PBXGroup;
			children = (
				1D6058910D05DD3D006BFB54 /* iGallery.app */,
			);
			name = Products;
			sourceTree = "<group>";
		};
		29B97314FDCFA39411CA2CEA /* CustomTemplate */ = {
			isa = PBXGroup;
			children = (
				080E96DDFE201D6D7F000001 /* Classes */,
				29B97315FDCFA39411CA2CEA /* Other Sources */,
				29B97317FDCFA39411CA2CEA /* Resources */,
				29B97323FDCFA39411CA2CEA /* Frameworks */,
				19C28FACFE9D520D11CA2CBB /* Products */,
			);
			name = CustomTemplate;
			sourceTree = "<group>";
		};
		29B97315FDCFA39411CA2CEA /* Other Sources */ = {
			isa = PBXGroup;
			children = (
				32CA4F630368D1EE00C91783 /* iGallery_Prefix.pch */,
				29B97316FDCFA39411CA2CEA /* main.m */,
			);
			name = "Other Sources";
			sourceTree = "<group>";
		};
		29B97317FDCFA39411CA2CEA /* Resources */ = {
			isa = PBXGroup;
			children = (
				C952C1180E982FC80080865F /* RapportEditor2.png */,
				28AD733E0D9D9553002E5188 /* MainWindow.xib */,
				C952C9C60E9951C40080865F /* iGallery.png */,
				8D1107310486CEB800E47090 /* Info.plist */,
			);
			name = Resources;
			sourceTree = "<group>";
		};
		29B97323FDCFA39411CA2CEA /* Frameworks */ = {
			isa = PBXGroup;
			children = (
				1DF5F4DF0D08C38300B7A737 /* UIKit.framework */,
				1D30AB110D05D00D00671497 /* Foundation.framework */,
				C91C9F580E97FE4300E4D1A0 /* CoreGraphics.framework */,
			);
			name = Frameworks;
			sourceTree = "<group>";
		};
/* End PBXGroup section */

/* Begin PBXNativeTarget section */
		1D6058900D05DD3D006BFB54 /* Gallery */ = {
			isa = PBXNativeTarget;
			buildConfigurationList = 1D6058960D05DD3E006BFB54 /* Build configuration list for PBXNativeTarget "Gallery" */;
			buildPhases = (
				1D60588D0D05DD3D006BFB54 /* Resources */,
				1D60588E0D05DD3D006BFB54 /* Sources */,
				1D60588F0D05DD3D006BFB54 /* Frameworks */,
			);
			buildRules = (
			);
			dependencies = (
			);
			name = Gallery;
			productName = iGallery;
			productReference = 1D6058910D05DD3D006BFB54 /* iGallery.app */;
			productType = "com.apple.product-type.application";
		};
/* End PBXNativeTarget section */

/* Begin PBXProject section */
		29B97313FDCFA39411CA2CEA /* Project object */ = {
			isa = PBXProject;
			buildConfigurationList = C01FCF4E08A954540054247B /* Build configuration list for PBXProject "iGallery" */;
			compatibilityVersion = "Xcode 3.1";
			hasScannedForEncodings = 1;
			mainGroup = 29B97314FDCFA39411CA2CEA /* CustomTemplate */;
			projectDirPath = "";
			projectRoot = "";
			targets = (
				1D6058900D05DD3D006BFB54 /* Gallery */,
			);
		};
/* End PBXProject section */

/* Begin PBXResourcesBuildPhase section */
		1D60588D0D05DD3D006BFB54 /* Resources */ = {
			isa = PBXResourcesBuildPhase;
			buildActionMask = 2147483647;
			files = (
				28AD733F0D9D9553002E5188 /* MainWindow.xib in Resources */,
				C952C1190E982FC80080865F /* RapportEditor2.png in Resources */,
				C952C9C70E9951C40080865F /* iGallery.png in Resources */,
			);
			runOnlyForDeploymentPostprocessing = 0;
		};
/* End PBXResourcesBuildPhase section */

/* Begin PBXSourcesBuildPhase section */
		1D60588E0D05DD3D006BFB54 /* Sources */ = {
			isa = PBXSourcesBuildPhase;
			buildActionMask = 2147483647;
			files = (
				1D60589B0D05DD56006BFB54 /* main.m in Sources */,
				1D3623260D0F684500981E51 /* iGalleryAppDelegate.m in Sources */,
				C91C9F420E97FD0D00E4D1A0 /* iGalleryPhotoController.m in Sources */,
				C952C04B0E981FDD0080865F /* Gallery.m in Sources */,
				C952C2990E984F610080865F /* iGallerySettingsController.m in Sources */,
				C952C2EB0E9853710080865F /* CQPreferencesTextCell.m in Sources */,
				C952C5810E98DF790080865F /* iGalleryAlbumController.m in Sources */,
				C952C6D40E98FDBC0080865F /* ProgressTextBarView.m in Sources */,
				C952C9240E993ED40080865F /* UIImage+Extras.m in Sources */,
			);
			runOnlyForDeploymentPostprocessing = 0;
		};
/* End PBXSourcesBuildPhase section */

/* Begin XCBuildConfiguration section */
		1D6058940D05DD3E006BFB54 /* Debug */ = {
			isa = XCBuildConfiguration;
			buildSettings = {
				ALWAYS_SEARCH_USER_PATHS = NO;
				COPY_PHASE_STRIP = NO;
				GCC_DYNAMIC_NO_PIC = NO;
				GCC_OPTIMIZATION_LEVEL = 0;
				GCC_PRECOMPILE_PREFIX_HEADER = YES;
				GCC_PREFIX_HEADER = iGallery_Prefix.pch;
				INFOPLIST_FILE = Info.plist;
				PRODUCT_NAME = iGallery;
			};
			name = Debug;
		};
		1D6058950D05DD3E006BFB54 /* Release */ = {
			isa = XCBuildConfiguration;
			buildSettings = {
				ALWAYS_SEARCH_USER_PATHS = NO;
				COPY_PHASE_STRIP = YES;
				GCC_PRECOMPILE_PREFIX_HEADER = YES;
				GCC_PREFIX_HEADER = iGallery_Prefix.pch;
				INFOPLIST_FILE = Info.plist;
				PRODUCT_NAME = iGallery;
			};
			name = Release;
		};
		C01FCF4F08A954540054247B /* Debug */ = {
			isa = XCBuildConfiguration;
			buildSettings = {
				ARCHS = "$(ARCHS_STANDARD_32_BIT)";
				"CODE_SIGN_IDENTITY[sdk=iphoneos*]" = "iPhone Developer: Matt Wright";
				GCC_C_LANGUAGE_STANDARD = c99;
				GCC_WARN_ABOUT_RETURN_TYPE = YES;
				GCC_WARN_UNUSED_VARIABLE = YES;
				ONLY_ACTIVE_ARCH = YES;
				PREBINDING = NO;
				PROVISIONING_PROFILE_ALLOWED = NO;
				PROVISIONING_PROFILE_REQUIRED = NO;
				SDKROOT = iphoneos2.0;
			};
			name = Debug;
		};
		C01FCF5008A954540054247B /* Release */ = {
			isa = XCBuildConfiguration;
			buildSettings = {
				ARCHS = "$(ARCHS_STANDARD_32_BIT)";
				"CODE_SIGN_IDENTITY[sdk=iphoneos*]" = "iPhone Pwned Developer";
				GCC_C_LANGUAGE_STANDARD = c99;
				GCC_WARN_ABOUT_RETURN_TYPE = YES;
				GCC_WARN_UNUSED_VARIABLE = YES;
				PREBINDING = NO;
				PROVISIONING_PROFILE_ALLOWED = NO;
				PROVISIONING_PROFILE_REQUIRED = NO;
				SDKROOT = iphoneos2.0;
			};
			name = Release;
		};
/* End XCBuildConfiguration section */

/* Begin XCConfigurationList section */
		1D6058960D05DD3E006BFB54 /* Build configuration list for PBXNativeTarget "Gallery" */ = {
			isa = XCConfigurationList;
			buildConfigurations = (
				1D6058940D05DD3E006BFB54 /* Debug */,
				1D6058950D05DD3E006BFB54 /* Release */,
			);
			defaultConfigurationIsVisible = 0;
			defaultConfigurationName = Release;
		};
		C01FCF4E08A954540054247B /* Build configuration list for PBXProject "iGallery" */ = {
			isa = XCConfigurationList;
			buildConfigurations = (
				C01FCF4F08A954540054247B /* Debug */,
				C01FCF5008A954540054247B /* Release */,
			);
			defaultConfigurationIsVisible = 0;
			defaultConfigurationName = Release;
		};
/* End XCConfigurationList section */
	};
	rootObject = 29B97313FDCFA39411CA2CEA /* Project object */;
}
